
Microsoft Visual Studio Solution File, Format Version 12.00
# Visual Studio Version 17
VisualStudioVersion = 17.13.35931.197
MinimumVisualStudioVersion = 10.0.40219.1
Project("{FAE04EC0-301F-11D3-BF4B-00C04F79EFBC}") = "Demo", "Demo\Demo.csproj", "{ABD65434-CFCD-476B-ADE5-9421D509B5C5}"
EndProject
Global
	GlobalSection(SolutionConfigurationPlatforms) = preSolution
		Debug|Any CPU = Debug|Any CPU
		Release|Any CPU = Release|Any CPU
	EndGlobalSection
	GlobalSection(ProjectConfigurationPlatforms) = postSolution
		{ABD65434-CFCD-476B-ADE5-9421D509B5C5}.Debug|Any CPU.ActiveCfg = Debug|Any CPU
		{ABD65434-CFCD-476B-ADE5-9421D509B5C5}.Debug|Any CPU.Build.0 = Debug|Any CPU
		{ABD65434-CFCD-476B-ADE5-9421D509B5C5}.Release|Any CPU.ActiveCfg = Release|Any CPU
		{ABD65434-CFCD-476B-ADE5-9421D509B5C5}.Release|Any CPU.Build.0 = Release|Any CPU
	EndGlobalSection
	GlobalSection(SolutionProperties) = preSolution
		HideSolutionNode = FALSE
	EndGlobalSection
	GlobalSection(ExtensibilityGlobals) = postSolution
		SolutionGuid = {3FD3D7E3-C778-467F-A5CE-789759E0F395}
	EndGlobalSection
EndGlobal
